
Microsoft Visual Studio Solution File, Format Version 12.00
# Visual Studio Version 16
VisualStudioVersion = 16.0.34301.259
MinimumVisualStudioVersion = 10.0.40219.1
Project("{FAE04EC0-301F-11D3-BF4B-00C04F79EFBC}") = "KT7_NikulinaVarvara_ISP321", "KT7_NikulinaVarvara_ISP321\KT7_NikulinaVarvara_ISP321.csproj", "{8C8B9798-647E-4AE1-AA78-367A592D3060}"
EndProject
Global
	GlobalSection(SolutionConfigurationPlatforms) = preSolution
		Debug|Any CPU = Debug|Any CPU
		Release|Any CPU = Release|Any CPU
	EndGlobalSection
	GlobalSection(ProjectConfigurationPlatforms) = postSolution
		{8C8B9798-647E-4AE1-AA78-367A592D3060}.Debug|Any CPU.ActiveCfg = Debug|Any CPU
		{8C8B9798-647E-4AE1-AA78-367A592D3060}.Debug|Any CPU.Build.0 = Debug|Any CPU
		{8C8B9798-647E-4AE1-AA78-367A592D3060}.Release|Any CPU.ActiveCfg = Release|Any CPU
		{8C8B9798-647E-4AE1-AA78-367A592D3060}.Release|Any CPU.Build.0 = Release|Any CPU
	EndGlobalSection
	GlobalSection(SolutionProperties) = preSolution
		HideSolutionNode = FALSE
	EndGlobalSection
	GlobalSection(ExtensibilityGlobals) = postSolution
		SolutionGuid = {CE820415-3685-4BF6-A8E3-5D3456073DA6}
	EndGlobalSection
EndGlobal
